
Microsoft Visual Studio Solution File, Format Version 12.00
# Visual Studio Version 17
VisualStudioVersion = 17.4.33205.214
MinimumVisualStudioVersion = 10.0.40219.1
Project("{9A19103F-16F7-4668-BE54-9A1E7A4F7556}") = "CSharpConcept", "CSharpConcept\CSharpConcept.csproj", "{D74359DC-F52D-4787-9761-5D61BFD65F43}"
EndProject
Project("{9A19103F-16F7-4668-BE54-9A1E7A4F7556}") = "CSharpAssignment", "CSharpAssignment\CSharpAssignment.csproj", "{4FD92E13-0A55-486C-95B7-9FB5EB938E68}"
EndProject
Global
	GlobalSection(SolutionConfigurationPlatforms) = preSolution
		Debug|Any CPU = Debug|Any CPU
		Release|Any CPU = Release|Any CPU
	EndGlobalSection
	GlobalSection(ProjectConfigurationPlatforms) = postSolution
		{D74359DC-F52D-4787-9761-5D61BFD65F43}.Debug|Any CPU.ActiveCfg = Debug|Any CPU
		{D74359DC-F52D-4787-9761-5D61BFD65F43}.Debug|Any CPU.Build.0 = Debug|Any CPU
		{D74359DC-F52D-4787-9761-5D61BFD65F43}.Release|Any CPU.ActiveCfg = Release|Any CPU
		{D74359DC-F52D-4787-9761-5D61BFD65F43}.Release|Any CPU.Build.0 = Release|Any CPU
		{4FD92E13-0A55-486C-95B7-9FB5EB938E68}.Debug|Any CPU.ActiveCfg = Debug|Any CPU
		{4FD92E13-0A55-486C-95B7-9FB5EB938E68}.Debug|Any CPU.Build.0 = Debug|Any CPU
		{4FD92E13-0A55-486C-95B7-9FB5EB938E68}.Release|Any CPU.ActiveCfg = Release|Any CPU
		{4FD92E13-0A55-486C-95B7-9FB5EB938E68}.Release|Any CPU.Build.0 = Release|Any CPU
	EndGlobalSection
	GlobalSection(SolutionProperties) = preSolution
		HideSolutionNode = FALSE
	EndGlobalSection
	GlobalSection(ExtensibilityGlobals) = postSolution
		SolutionGuid = {AE3FCED3-869C-4EF9-B2CD-2854767887D1}
	EndGlobalSection
EndGlobal
