
Microsoft Visual Studio Solution File, Format Version 12.00
# Visual Studio Version 17
VisualStudioVersion = 17.4.33205.214
MinimumVisualStudioVersion = 10.0.40219.1
Project("{9A19103F-16F7-4668-BE54-9A1E7A4F7556}") = "CSharpConcept", "CSharpConcept\CSharpConcept.csproj", "{D74359DC-F52D-4787-9761-5D61BFD65F43}"
EndProject
Project("{9A19103F-16F7-4668-BE54-9A1E7A4F7556}") = "CSharpAssignment", "CSharpAssignment\CSharpAssignment.csproj", "{4FD92E13-0A55-486C-95B7-9FB5EB938E68}"
EndProject
Project("{9A19103F-16F7-4668-BE54-9A1E7A4F7556}") = "EmployeeProject", "EmployeeProject\EmployeeProject.csproj", "{6ED16463-3B44-44CD-8875-CB9AD4147640}"
EndProject
Project("{9A19103F-16F7-4668-BE54-9A1E7A4F7556}") = "SchoolManagement", "SchoolManagement\SchoolManagement.csproj", "{A213E884-39B9-4169-9E6A-75CC2C507642}"
EndProject
Project("{9A19103F-16F7-4668-BE54-9A1E7A4F7556}") = "ShoppingCartProject", "ShoppingCartProject\ShoppingCartProject.csproj", "{76D16FA0-CE14-493E-BDE9-5A3232D71CE0}"
EndProject
Project("{9A19103F-16F7-4668-BE54-9A1E7A4F7556}") = "SeleniumConcept", "SeleniumConcept\SeleniumConcept.csproj", "{00F6C89C-FA95-4FC5-8A37-F9CE3E8AD3FE}"
EndProject
Project("{9A19103F-16F7-4668-BE54-9A1E7A4F7556}") = "SeleniumParaBank", "SeleniumParaBank\SeleniumParaBank.csproj", "{C4BC9686-DD5D-4AF5-9AA7-AF226461BDA3}"
EndProject
Project("{9A19103F-16F7-4668-BE54-9A1E7A4F7556}") = "GoTo", "GoTo\GoTo.csproj", "{A3E69D2F-C0D2-4BE6-9EA8-14FEDAA6B0C5}"
EndProject
Project("{9A19103F-16F7-4668-BE54-9A1E7A4F7556}") = "Oracle", "Oracle\Oracle.csproj", "{045E536B-C48D-4D34-A8FA-7748E0075463}"
EndProject
Project("{9A19103F-16F7-4668-BE54-9A1E7A4F7556}") = "NassCom", "NassCom\NassCom.csproj", "{D9154873-F317-49CA-AF01-A7FD4B26800B}"
EndProject
Project("{FAE04EC0-301F-11D3-BF4B-00C04F79EFBC}") = "MediBuddy", "MediBuddy\MediBuddy.csproj", "{37C2BAA5-DC30-415B-8667-22BA6CA96285}"
EndProject
Project("{FAE04EC0-301F-11D3-BF4B-00C04F79EFBC}") = "SeleniumAdvance", "SeleniumAdvance\SeleniumAdvance.csproj", "{738AED58-B0C4-4D7E-B98D-7B240B051C7A}"
EndProject
Global
	GlobalSection(SolutionConfigurationPlatforms) = preSolution
		Debug|Any CPU = Debug|Any CPU
		Release|Any CPU = Release|Any CPU
	EndGlobalSection
	GlobalSection(ProjectConfigurationPlatforms) = postSolution
		{D74359DC-F52D-4787-9761-5D61BFD65F43}.Debug|Any CPU.ActiveCfg = Debug|Any CPU
		{D74359DC-F52D-4787-9761-5D61BFD65F43}.Debug|Any CPU.Build.0 = Debug|Any CPU
		{D74359DC-F52D-4787-9761-5D61BFD65F43}.Release|Any CPU.ActiveCfg = Release|Any CPU
		{D74359DC-F52D-4787-9761-5D61BFD65F43}.Release|Any CPU.Build.0 = Release|Any CPU
		{4FD92E13-0A55-486C-95B7-9FB5EB938E68}.Debug|Any CPU.ActiveCfg = Debug|Any CPU
		{4FD92E13-0A55-486C-95B7-9FB5EB938E68}.Debug|Any CPU.Build.0 = Debug|Any CPU
		{4FD92E13-0A55-486C-95B7-9FB5EB938E68}.Release|Any CPU.ActiveCfg = Release|Any CPU
		{4FD92E13-0A55-486C-95B7-9FB5EB938E68}.Release|Any CPU.Build.0 = Release|Any CPU
		{6ED16463-3B44-44CD-8875-CB9AD4147640}.Debug|Any CPU.ActiveCfg = Debug|Any CPU
		{6ED16463-3B44-44CD-8875-CB9AD4147640}.Debug|Any CPU.Build.0 = Debug|Any CPU
		{6ED16463-3B44-44CD-8875-CB9AD4147640}.Release|Any CPU.ActiveCfg = Release|Any CPU
		{6ED16463-3B44-44CD-8875-CB9AD4147640}.Release|Any CPU.Build.0 = Release|Any CPU
		{A213E884-39B9-4169-9E6A-75CC2C507642}.Debug|Any CPU.ActiveCfg = Debug|Any CPU
		{A213E884-39B9-4169-9E6A-75CC2C507642}.Debug|Any CPU.Build.0 = Debug|Any CPU
		{A213E884-39B9-4169-9E6A-75CC2C507642}.Release|Any CPU.ActiveCfg = Release|Any CPU
		{A213E884-39B9-4169-9E6A-75CC2C507642}.Release|Any CPU.Build.0 = Release|Any CPU
		{76D16FA0-CE14-493E-BDE9-5A3232D71CE0}.Debug|Any CPU.ActiveCfg = Debug|Any CPU
		{76D16FA0-CE14-493E-BDE9-5A3232D71CE0}.Debug|Any CPU.Build.0 = Debug|Any CPU
		{76D16FA0-CE14-493E-BDE9-5A3232D71CE0}.Release|Any CPU.ActiveCfg = Release|Any CPU
		{76D16FA0-CE14-493E-BDE9-5A3232D71CE0}.Release|Any CPU.Build.0 = Release|Any CPU
		{00F6C89C-FA95-4FC5-8A37-F9CE3E8AD3FE}.Debug|Any CPU.ActiveCfg = Debug|Any CPU
		{00F6C89C-FA95-4FC5-8A37-F9CE3E8AD3FE}.Debug|Any CPU.Build.0 = Debug|Any CPU
		{00F6C89C-FA95-4FC5-8A37-F9CE3E8AD3FE}.Release|Any CPU.ActiveCfg = Release|Any CPU
		{00F6C89C-FA95-4FC5-8A37-F9CE3E8AD3FE}.Release|Any CPU.Build.0 = Release|Any CPU
		{C4BC9686-DD5D-4AF5-9AA7-AF226461BDA3}.Debug|Any CPU.ActiveCfg = Debug|Any CPU
		{C4BC9686-DD5D-4AF5-9AA7-AF226461BDA3}.Debug|Any CPU.Build.0 = Debug|Any CPU
		{C4BC9686-DD5D-4AF5-9AA7-AF226461BDA3}.Release|Any CPU.ActiveCfg = Release|Any CPU
		{C4BC9686-DD5D-4AF5-9AA7-AF226461BDA3}.Release|Any CPU.Build.0 = Release|Any CPU
		{A3E69D2F-C0D2-4BE6-9EA8-14FEDAA6B0C5}.Debug|Any CPU.ActiveCfg = Debug|Any CPU
		{A3E69D2F-C0D2-4BE6-9EA8-14FEDAA6B0C5}.Debug|Any CPU.Build.0 = Debug|Any CPU
		{A3E69D2F-C0D2-4BE6-9EA8-14FEDAA6B0C5}.Release|Any CPU.ActiveCfg = Release|Any CPU
		{A3E69D2F-C0D2-4BE6-9EA8-14FEDAA6B0C5}.Release|Any CPU.Build.0 = Release|Any CPU
		{045E536B-C48D-4D34-A8FA-7748E0075463}.Debug|Any CPU.ActiveCfg = Debug|Any CPU
		{045E536B-C48D-4D34-A8FA-7748E0075463}.Debug|Any CPU.Build.0 = Debug|Any CPU
		{045E536B-C48D-4D34-A8FA-7748E0075463}.Release|Any CPU.ActiveCfg = Release|Any CPU
		{045E536B-C48D-4D34-A8FA-7748E0075463}.Release|Any CPU.Build.0 = Release|Any CPU
		{D9154873-F317-49CA-AF01-A7FD4B26800B}.Debug|Any CPU.ActiveCfg = Debug|Any CPU
		{D9154873-F317-49CA-AF01-A7FD4B26800B}.Debug|Any CPU.Build.0 = Debug|Any CPU
		{D9154873-F317-49CA-AF01-A7FD4B26800B}.Release|Any CPU.ActiveCfg = Release|Any CPU
		{D9154873-F317-49CA-AF01-A7FD4B26800B}.Release|Any CPU.Build.0 = Release|Any CPU
		{37C2BAA5-DC30-415B-8667-22BA6CA96285}.Debug|Any CPU.ActiveCfg = Debug|Any CPU
		{37C2BAA5-DC30-415B-8667-22BA6CA96285}.Debug|Any CPU.Build.0 = Debug|Any CPU
		{37C2BAA5-DC30-415B-8667-22BA6CA96285}.Release|Any CPU.ActiveCfg = Release|Any CPU
		{37C2BAA5-DC30-415B-8667-22BA6CA96285}.Release|Any CPU.Build.0 = Release|Any CPU
		{738AED58-B0C4-4D7E-B98D-7B240B051C7A}.Debug|Any CPU.ActiveCfg = Debug|Any CPU
		{738AED58-B0C4-4D7E-B98D-7B240B051C7A}.Debug|Any CPU.Build.0 = Debug|Any CPU
		{738AED58-B0C4-4D7E-B98D-7B240B051C7A}.Release|Any CPU.ActiveCfg = Release|Any CPU
		{738AED58-B0C4-4D7E-B98D-7B240B051C7A}.Release|Any CPU.Build.0 = Release|Any CPU
	EndGlobalSection
	GlobalSection(SolutionProperties) = preSolution
		HideSolutionNode = FALSE
	EndGlobalSection
	GlobalSection(ExtensibilityGlobals) = postSolution
		SolutionGuid = {AE3FCED3-869C-4EF9-B2CD-2854767887D1}
	EndGlobalSection
EndGlobal
